{
  "name": "wright-example-mithril",
  "version": "1.0.0",
  "lockfileVersion": 2,
  "requires": true,
  "packages": {
    "": {
      "name": "wright-example-mithril",
      "version": "1.0.0",
      "dependencies": {
        "mithril": "github:porsager/mithril.js#esm-dev"
      }
    },
    "node_modules/mithril": {
      "version": "2.0.4",
      "resolved": "git+ssh://git@github.com/porsager/mithril.js.git#11cd300c60823fbee5d3bc30acb9b40dc85923a1",
      "license": "MIT",
      "bin": {
        "ospec": "ospec/bin/ospec"
      }
    }
  },
  "dependencies": {
    "mithril": {
      "version": "git+ssh://git@github.com/porsager/mithril.js.git#11cd300c60823fbee5d3bc30acb9b40dc85923a1",
      "from": "mithril@github:porsager/mithril.js#esm-dev"
    }
  }
}
